
Microsoft Visual Studio Solution File, Format Version 12.00
# Visual Studio Version 16
VisualStudioVersion = 16.0.31019.35
MinimumVisualStudioVersion = 10.0.40219.1
Project("{9A19103F-16F7-4668-BE54-9A1E7A4F7556}") = "DesignPatterns", "DesignPatterns.csproj", "{74E5BD35-9475-41B4-88B4-EF2CE794D684}"
EndProject
Global
	GlobalSection(SolutionConfigurationPlatforms) = preSolution
		Debug|Any CPU = Debug|Any CPU
		Release|Any CPU = Release|Any CPU
	EndGlobalSection
	GlobalSection(ProjectConfigurationPlatforms) = postSolution
		{74E5BD35-9475-41B4-88B4-EF2CE794D684}.Debug|Any CPU.ActiveCfg = Debug|Any CPU
		{74E5BD35-9475-41B4-88B4-EF2CE794D684}.Debug|Any CPU.Build.0 = Debug|Any CPU
		{74E5BD35-9475-41B4-88B4-EF2CE794D684}.Release|Any CPU.ActiveCfg = Release|Any CPU
		{74E5BD35-9475-41B4-88B4-EF2CE794D684}.Release|Any CPU.Build.0 = Release|Any CPU
	EndGlobalSection
	GlobalSection(SolutionProperties) = preSolution
		HideSolutionNode = FALSE
	EndGlobalSection
	GlobalSection(ExtensibilityGlobals) = postSolution
		SolutionGuid = {FEB5CB2A-9836-4D5D-9EC8-4957D9E0B4F1}
	EndGlobalSection
EndGlobal
